
Microsoft Visual Studio Solution File, Format Version 12.00
# Visual Studio Version 16
VisualStudioVersion = 16.0.31702.278
MinimumVisualStudioVersion = 10.0.40219.1
Project("{FAE04EC0-301F-11D3-BF4B-00C04F79EFBC}") = "StudentEVL", "StudentEVL.csproj", "{11DCFE57-D6A0-4054-839F-5F34F2660FB1}"
EndProject
Project("{54435603-DBB4-11D2-8724-00A0C9A8B90C}") = "Student evaluation management", "..\Student evaluation management\Student evaluation management.vdproj", "{9C56003A-6939-480F-BB46-2C8BB4CB1574}"
EndProject
Global
	GlobalSection(SolutionConfigurationPlatforms) = preSolution
		Debug|Any CPU = Debug|Any CPU
		Release|Any CPU = Release|Any CPU
	EndGlobalSection
	GlobalSection(ProjectConfigurationPlatforms) = postSolution
		{11DCFE57-D6A0-4054-839F-5F34F2660FB1}.Debug|Any CPU.ActiveCfg = Release|Any CPU
		{11DCFE57-D6A0-4054-839F-5F34F2660FB1}.Debug|Any CPU.Build.0 = Release|Any CPU
		{11DCFE57-D6A0-4054-839F-5F34F2660FB1}.Release|Any CPU.ActiveCfg = Debug|Any CPU
		{11DCFE57-D6A0-4054-839F-5F34F2660FB1}.Release|Any CPU.Build.0 = Debug|Any CPU
		{9C56003A-6939-480F-BB46-2C8BB4CB1574}.Debug|Any CPU.ActiveCfg = Debug
		{9C56003A-6939-480F-BB46-2C8BB4CB1574}.Release|Any CPU.ActiveCfg = Release
	EndGlobalSection
	GlobalSection(SolutionProperties) = preSolution
		HideSolutionNode = FALSE
	EndGlobalSection
	GlobalSection(ExtensibilityGlobals) = postSolution
		SolutionGuid = {F59BD2FF-9A6F-4D84-9313-B5C5493B7C81}
	EndGlobalSection
EndGlobal
